
Microsoft Visual Studio Solution File, Format Version 12.00
# Visual Studio Version 17
VisualStudioVersion = 17.7.34009.444
MinimumVisualStudioVersion = 10.0.40219.1
Project("{FAE04EC0-301F-11D3-BF4B-00C04F79EFBC}") = "RefactorSlotMachine", "RefactorSlotMachine\RefactorSlotMachine.csproj", "{632F773D-6A78-4101-AACB-9BFFE99D6F8F}"
EndProject
Global
	GlobalSection(SolutionConfigurationPlatforms) = preSolution
		Debug|Any CPU = Debug|Any CPU
		Release|Any CPU = Release|Any CPU
	EndGlobalSection
	GlobalSection(ProjectConfigurationPlatforms) = postSolution
		{632F773D-6A78-4101-AACB-9BFFE99D6F8F}.Debug|Any CPU.ActiveCfg = Debug|Any CPU
		{632F773D-6A78-4101-AACB-9BFFE99D6F8F}.Debug|Any CPU.Build.0 = Debug|Any CPU
		{632F773D-6A78-4101-AACB-9BFFE99D6F8F}.Release|Any CPU.ActiveCfg = Release|Any CPU
		{632F773D-6A78-4101-AACB-9BFFE99D6F8F}.Release|Any CPU.Build.0 = Release|Any CPU
	EndGlobalSection
	GlobalSection(SolutionProperties) = preSolution
		HideSolutionNode = FALSE
	EndGlobalSection
	GlobalSection(ExtensibilityGlobals) = postSolution
		SolutionGuid = {DBB0DFE9-A18D-4280-B8A6-B1D1E0F1B58C}
	EndGlobalSection
EndGlobal
